
Microsoft Visual Studio Solution File, Format Version 12.00
# Visual Studio 15
Project("{FAE04EC0-301F-11D3-BF4B-00C04F79EFBC}") = "LunarConsole", "LunarConsole.csproj", "{B7A77B85-36AB-6E33-EB0F-6C89E52498E7}"
EndProject
Project("{FAE04EC0-301F-11D3-BF4B-00C04F79EFBC}") = "PhotonRealtime", "PhotonRealtime.csproj", "{8859C5E9-9105-71F6-0312-85AF6C645457}"
EndProject
Project("{FAE04EC0-301F-11D3-BF4B-00C04F79EFBC}") = "Assembly-CSharp", "Assembly-CSharp.csproj", "{09C0D2BF-CA41-AAF5-41C9-643151303209}"
EndProject
Project("{FAE04EC0-301F-11D3-BF4B-00C04F79EFBC}") = "PhotonUnityNetworking", "PhotonUnityNetworking.csproj", "{EE38E4AC-7124-9E04-3AB2-4735251E5AB7}"
EndProject
Project("{FAE04EC0-301F-11D3-BF4B-00C04F79EFBC}") = "PhotonUnityNetworking.Utilities", "PhotonUnityNetworking.Utilities.csproj", "{BB9BCC43-4BB9-1D73-F213-64CB1B528BDD}"
EndProject
Project("{FAE04EC0-301F-11D3-BF4B-00C04F79EFBC}") = "Assembly-CSharp-firstpass", "Assembly-CSharp-firstpass.csproj", "{8D1E534B-630C-D33C-1615-C80311583581}"
EndProject
Project("{FAE04EC0-301F-11D3-BF4B-00C04F79EFBC}") = "PhotonUnityNetworking.Editor", "PhotonUnityNetworking.Editor.csproj", "{B87E61B8-5F7D-C721-8A92-91CE37237E8E}"
EndProject
Project("{FAE04EC0-301F-11D3-BF4B-00C04F79EFBC}") = "ParrelSync", "ParrelSync.csproj", "{B4CEDAE1-D622-4885-976E-EC4A13E1C5B5}"
EndProject
Project("{FAE04EC0-301F-11D3-BF4B-00C04F79EFBC}") = "LunarConsoleEditor", "LunarConsoleEditor.csproj", "{53C8F533-A05A-7332-B0A7-7AAA80562AAD}"
EndProject
Project("{FAE04EC0-301F-11D3-BF4B-00C04F79EFBC}") = "PhotonUnityNetworking.Utilities.PhotonPlayer.Editor", "PhotonUnityNetworking.Utilities.PhotonPlayer.Editor.csproj", "{10177777-7F56-1DA8-1FB1-FBCC2D080778}"
EndProject
Project("{FAE04EC0-301F-11D3-BF4B-00C04F79EFBC}") = "PhotonUnityNetworking.Utilities.Culling.Editor", "PhotonUnityNetworking.Utilities.Culling.Editor.csproj", "{12436F87-03EF-D2B5-C72D-D0F2C7AF5DDF}"
EndProject
Global
	GlobalSection(SolutionConfigurationPlatforms) = preSolution
		Debug|Any CPU = Debug|Any CPU
		Release|Any CPU = Release|Any CPU
	EndGlobalSection
	GlobalSection(ProjectConfigurationPlatforms) = postSolution
		{B7A77B85-36AB-6E33-EB0F-6C89E52498E7}.Debug|Any CPU.ActiveCfg = Debug|Any CPU
		{B7A77B85-36AB-6E33-EB0F-6C89E52498E7}.Debug|Any CPU.Build.0 = Debug|Any CPU
		{B7A77B85-36AB-6E33-EB0F-6C89E52498E7}.Release|Any CPU.ActiveCfg = Release|Any CPU
		{B7A77B85-36AB-6E33-EB0F-6C89E52498E7}.Release|Any CPU.Build.0 = Release|Any CPU
		{8859C5E9-9105-71F6-0312-85AF6C645457}.Debug|Any CPU.ActiveCfg = Debug|Any CPU
		{8859C5E9-9105-71F6-0312-85AF6C645457}.Debug|Any CPU.Build.0 = Debug|Any CPU
		{8859C5E9-9105-71F6-0312-85AF6C645457}.Release|Any CPU.ActiveCfg = Release|Any CPU
		{8859C5E9-9105-71F6-0312-85AF6C645457}.Release|Any CPU.Build.0 = Release|Any CPU
		{09C0D2BF-CA41-AAF5-41C9-643151303209}.Debug|Any CPU.ActiveCfg = Debug|Any CPU
		{09C0D2BF-CA41-AAF5-41C9-643151303209}.Debug|Any CPU.Build.0 = Debug|Any CPU
		{09C0D2BF-CA41-AAF5-41C9-643151303209}.Release|Any CPU.ActiveCfg = Release|Any CPU
		{09C0D2BF-CA41-AAF5-41C9-643151303209}.Release|Any CPU.Build.0 = Release|Any CPU
		{EE38E4AC-7124-9E04-3AB2-4735251E5AB7}.Debug|Any CPU.ActiveCfg = Debug|Any CPU
		{EE38E4AC-7124-9E04-3AB2-4735251E5AB7}.Debug|Any CPU.Build.0 = Debug|Any CPU
		{EE38E4AC-7124-9E04-3AB2-4735251E5AB7}.Release|Any CPU.ActiveCfg = Release|Any CPU
		{EE38E4AC-7124-9E04-3AB2-4735251E5AB7}.Release|Any CPU.Build.0 = Release|Any CPU
		{BB9BCC43-4BB9-1D73-F213-64CB1B528BDD}.Debug|Any CPU.ActiveCfg = Debug|Any CPU
		{BB9BCC43-4BB9-1D73-F213-64CB1B528BDD}.Debug|Any CPU.Build.0 = Debug|Any CPU
		{BB9BCC43-4BB9-1D73-F213-64CB1B528BDD}.Release|Any CPU.ActiveCfg = Release|Any CPU
		{BB9BCC43-4BB9-1D73-F213-64CB1B528BDD}.Release|Any CPU.Build.0 = Release|Any CPU
		{8D1E534B-630C-D33C-1615-C80311583581}.Debug|Any CPU.ActiveCfg = Debug|Any CPU
		{8D1E534B-630C-D33C-1615-C80311583581}.Debug|Any CPU.Build.0 = Debug|Any CPU
		{8D1E534B-630C-D33C-1615-C80311583581}.Release|Any CPU.ActiveCfg = Release|Any CPU
		{8D1E534B-630C-D33C-1615-C80311583581}.Release|Any CPU.Build.0 = Release|Any CPU
		{B87E61B8-5F7D-C721-8A92-91CE37237E8E}.Debug|Any CPU.ActiveCfg = Debug|Any CPU
		{B87E61B8-5F7D-C721-8A92-91CE37237E8E}.Debug|Any CPU.Build.0 = Debug|Any CPU
		{B87E61B8-5F7D-C721-8A92-91CE37237E8E}.Release|Any CPU.ActiveCfg = Release|Any CPU
		{B87E61B8-5F7D-C721-8A92-91CE37237E8E}.Release|Any CPU.Build.0 = Release|Any CPU
		{B4CEDAE1-D622-4885-976E-EC4A13E1C5B5}.Debug|Any CPU.ActiveCfg = Debug|Any CPU
		{B4CEDAE1-D622-4885-976E-EC4A13E1C5B5}.Debug|Any CPU.Build.0 = Debug|Any CPU
		{B4CEDAE1-D622-4885-976E-EC4A13E1C5B5}.Release|Any CPU.ActiveCfg = Release|Any CPU
		{B4CEDAE1-D622-4885-976E-EC4A13E1C5B5}.Release|Any CPU.Build.0 = Release|Any CPU
		{53C8F533-A05A-7332-B0A7-7AAA80562AAD}.Debug|Any CPU.ActiveCfg = Debug|Any CPU
		{53C8F533-A05A-7332-B0A7-7AAA80562AAD}.Debug|Any CPU.Build.0 = Debug|Any CPU
		{53C8F533-A05A-7332-B0A7-7AAA80562AAD}.Release|Any CPU.ActiveCfg = Release|Any CPU
		{53C8F533-A05A-7332-B0A7-7AAA80562AAD}.Release|Any CPU.Build.0 = Release|Any CPU
		{10177777-7F56-1DA8-1FB1-FBCC2D080778}.Debug|Any CPU.ActiveCfg = Debug|Any CPU
		{10177777-7F56-1DA8-1FB1-FBCC2D080778}.Debug|Any CPU.Build.0 = Debug|Any CPU
		{10177777-7F56-1DA8-1FB1-FBCC2D080778}.Release|Any CPU.ActiveCfg = Release|Any CPU
		{10177777-7F56-1DA8-1FB1-FBCC2D080778}.Release|Any CPU.Build.0 = Release|Any CPU
		{12436F87-03EF-D2B5-C72D-D0F2C7AF5DDF}.Debug|Any CPU.ActiveCfg = Debug|Any CPU
		{12436F87-03EF-D2B5-C72D-D0F2C7AF5DDF}.Debug|Any CPU.Build.0 = Debug|Any CPU
		{12436F87-03EF-D2B5-C72D-D0F2C7AF5DDF}.Release|Any CPU.ActiveCfg = Release|Any CPU
		{12436F87-03EF-D2B5-C72D-D0F2C7AF5DDF}.Release|Any CPU.Build.0 = Release|Any CPU
	EndGlobalSection
	GlobalSection(SolutionProperties) = preSolution
		HideSolutionNode = FALSE
	EndGlobalSection
EndGlobal
