
Microsoft Visual Studio Solution File, Format Version 12.00
# Visual Studio Version 16
VisualStudioVersion = 16.0.33328.57
MinimumVisualStudioVersion = 10.0.40219.1
Project("{FAE04EC0-301F-11D3-BF4B-00C04F79EFBC}") = "PokerPlugin", "PokerPlugin.csproj", "{65899E19-1AB6-46BA-B636-7A24A2EE12C1}"
EndProject
Global
	GlobalSection(SolutionConfigurationPlatforms) = preSolution
		Debug|Any CPU = Debug|Any CPU
		Release|Any CPU = Release|Any CPU
	EndGlobalSection
	GlobalSection(ProjectConfigurationPlatforms) = postSolution
		{65899E19-1AB6-46BA-B636-7A24A2EE12C1}.Debug|Any CPU.ActiveCfg = Debug|Any CPU
		{65899E19-1AB6-46BA-B636-7A24A2EE12C1}.Debug|Any CPU.Build.0 = Debug|Any CPU
		{65899E19-1AB6-46BA-B636-7A24A2EE12C1}.Release|Any CPU.ActiveCfg = Release|Any CPU
		{65899E19-1AB6-46BA-B636-7A24A2EE12C1}.Release|Any CPU.Build.0 = Release|Any CPU
	EndGlobalSection
	GlobalSection(SolutionProperties) = preSolution
		HideSolutionNode = FALSE
	EndGlobalSection
	GlobalSection(ExtensibilityGlobals) = postSolution
		SolutionGuid = {D693D14B-896E-4614-B417-51A4B6673238}
	EndGlobalSection
EndGlobal
